
Microsoft Visual Studio Solution File, Format Version 12.00
# Visual Studio 15
VisualStudioVersion = 15.0.28307.489
MinimumVisualStudioVersion = 10.0.40219.1
Project("{FAE04EC0-301F-11D3-BF4B-00C04F79EFBC}") = "WebAPI", "WebAPI\WebAPI.csproj", "{1237254A-38F0-4801-B19C-141A36936035}"
EndProject
Project("{FAE04EC0-301F-11D3-BF4B-00C04F79EFBC}") = "Mvc", "Mvc\Mvc.csproj", "{BD9F294F-E8B7-4487-9B29-C4090ECFCBDE}"
EndProject
Project("{2150E333-8FDC-42A3-9474-1A3956D46DE8}") = "Solution Items", "Solution Items", "{B26346B9-5C91-4BB0-90D8-49DCD8E31F5E}"
	ProjectSection(SolutionItems) = preProject
		.gitignore = .gitignore
	EndProjectSection
EndProject
Global
	GlobalSection(SolutionConfigurationPlatforms) = preSolution
		Debug|Any CPU = Debug|Any CPU
		Release|Any CPU = Release|Any CPU
	EndGlobalSection
	GlobalSection(ProjectConfigurationPlatforms) = postSolution
		{1237254A-38F0-4801-B19C-141A36936035}.Debug|Any CPU.ActiveCfg = Debug|Any CPU
		{1237254A-38F0-4801-B19C-141A36936035}.Debug|Any CPU.Build.0 = Debug|Any CPU
		{1237254A-38F0-4801-B19C-141A36936035}.Release|Any CPU.ActiveCfg = Release|Any CPU
		{1237254A-38F0-4801-B19C-141A36936035}.Release|Any CPU.Build.0 = Release|Any CPU
		{BD9F294F-E8B7-4487-9B29-C4090ECFCBDE}.Debug|Any CPU.ActiveCfg = Debug|Any CPU
		{BD9F294F-E8B7-4487-9B29-C4090ECFCBDE}.Debug|Any CPU.Build.0 = Debug|Any CPU
		{BD9F294F-E8B7-4487-9B29-C4090ECFCBDE}.Release|Any CPU.ActiveCfg = Release|Any CPU
		{BD9F294F-E8B7-4487-9B29-C4090ECFCBDE}.Release|Any CPU.Build.0 = Release|Any CPU
	EndGlobalSection
	GlobalSection(SolutionProperties) = preSolution
		HideSolutionNode = FALSE
	EndGlobalSection
	GlobalSection(ExtensibilityGlobals) = postSolution
		SolutionGuid = {5598CC40-71F0-4AA5-94A2-2B253CA983CB}
	EndGlobalSection
EndGlobal
